
Microsoft Visual Studio Solution File, Format Version 12.00
# Visual Studio Version 16
VisualStudioVersion = 16.0.30517.126
MinimumVisualStudioVersion = 10.0.40219.1
Project("{FAE04EC0-301F-11D3-BF4B-00C04F79EFBC}") = "gyak5", "gyak5\gyak5.csproj", "{88942921-19D3-4CD2-AE80-DECA0B155093}"
EndProject
Global
	GlobalSection(SolutionConfigurationPlatforms) = preSolution
		Debug|Any CPU = Debug|Any CPU
		Release|Any CPU = Release|Any CPU
	EndGlobalSection
	GlobalSection(ProjectConfigurationPlatforms) = postSolution
		{88942921-19D3-4CD2-AE80-DECA0B155093}.Debug|Any CPU.ActiveCfg = Debug|Any CPU
		{88942921-19D3-4CD2-AE80-DECA0B155093}.Debug|Any CPU.Build.0 = Debug|Any CPU
		{88942921-19D3-4CD2-AE80-DECA0B155093}.Release|Any CPU.ActiveCfg = Release|Any CPU
		{88942921-19D3-4CD2-AE80-DECA0B155093}.Release|Any CPU.Build.0 = Release|Any CPU
	EndGlobalSection
	GlobalSection(SolutionProperties) = preSolution
		HideSolutionNode = FALSE
	EndGlobalSection
	GlobalSection(ExtensibilityGlobals) = postSolution
		SolutionGuid = {B011D8F7-B7C8-415D-8E60-100CE3254965}
	EndGlobalSection
EndGlobal
