
Microsoft Visual Studio Solution File, Format Version 12.00
# Visual Studio Version 16
VisualStudioVersion = 16.0.30517.126
MinimumVisualStudioVersion = 10.0.40219.1
Project("{FAE04EC0-301F-11D3-BF4B-00C04F79EFBC}") = "gyak8", "gyak8\gyak8.csproj", "{2393C063-F5E9-4601-B9AD-A76D7531D3B4}"
EndProject
Global
	GlobalSection(SolutionConfigurationPlatforms) = preSolution
		Debug|Any CPU = Debug|Any CPU
		Release|Any CPU = Release|Any CPU
	EndGlobalSection
	GlobalSection(ProjectConfigurationPlatforms) = postSolution
		{2393C063-F5E9-4601-B9AD-A76D7531D3B4}.Debug|Any CPU.ActiveCfg = Debug|Any CPU
		{2393C063-F5E9-4601-B9AD-A76D7531D3B4}.Debug|Any CPU.Build.0 = Debug|Any CPU
		{2393C063-F5E9-4601-B9AD-A76D7531D3B4}.Release|Any CPU.ActiveCfg = Release|Any CPU
		{2393C063-F5E9-4601-B9AD-A76D7531D3B4}.Release|Any CPU.Build.0 = Release|Any CPU
	EndGlobalSection
	GlobalSection(SolutionProperties) = preSolution
		HideSolutionNode = FALSE
	EndGlobalSection
	GlobalSection(ExtensibilityGlobals) = postSolution
		SolutionGuid = {7DB23552-71A2-4ADC-A19D-34E3D097F0F0}
	EndGlobalSection
EndGlobal
